dependencies:
- name: postgresql
  repository: file://../../common/postgresql
  version: 0.3.0
- name: mariadb
  repository: https://charts.eu-de-2.cloud.sap
  version: 0.8.0
- name: nats
  repository: file://../../common/nats
  version: 0.18.2
- name: utils
  repository: https://charts.eu-de-2.cloud.sap
  version: 0.12.3
- name: owner-info
  repository: https://charts.eu-de-2.cloud.sap
  version: 0.2.0
- name: mysql_metrics
  repository: https://charts.eu-de-2.cloud.sap
  version: 0.2.7
digest: sha256:8d2a85acce32d281556c3cb26a6b2cd8edfe7fb02cc1b6e5d622cc916ea68f18
generated: "2023-12-01T13:37:39.727869-05:00"
